// !$*UTF8*$!
{
	archiveVersion = 1;
	classes = {
	};
	objectVersion = 56;
	objects = {

/* Begin PBXBuildFile section */
		A88F617A2A16197A0096C81A /* idine in Resources */ = {isa = PBXBuildFile; fileRef = A88F61792A16197A0096C81A /* idine */; };
		A88F617D2A161A4C0096C81A /* Menu.swift in Sources */ = {isa = PBXBuildFile; fileRef = A88F617B2A161A4C0096C81A /* Menu.swift */; };
		A88F617E2A161A4C0096C81A /* Order.swift in Sources */ = {isa = PBXBuildFile; fileRef = A88F617C2A161A4C0096C81A /* Order.swift */; };
		A88F61F22A161A7E0096C81A /* Helper.swift in Sources */ = {isa = PBXBuildFile; fileRef = A88F61F02A161A7E0096C81A /* Helper.swift */; };
		A88F61F32A161A7E0096C81A /* menu.json in Resources */ = {isa = PBXBuildFile; fileRef = A88F61F12A161A7E0096C81A /* menu.json */; };
		A89679D42A152B7B001EAD1A /* SwiftUITestApp.swift in Sources */ = {isa = PBXBuildFile; fileRef = A89679D32A152B7B001EAD1A /* SwiftUITestApp.swift */; };
		A89679D62A152B7B001EAD1A /* ContentView.swift in Sources */ = {isa = PBXBuildFile; fileRef = A89679D52A152B7B001EAD1A /* ContentView.swift */; };
		A89679D82A152B7F001EAD1A /* Assets.xcassets in Resources */ = {isa = PBXBuildFile; fileRef = A89679D72A152B7F001EAD1A /* Assets.xcassets */; };
		A89679DB2A152B7F001EAD1A /* Preview Assets.xcassets in Resources */ = {isa = PBXBuildFile; fileRef = A89679DA2A152B7F001EAD1A /* Preview Assets.xcassets */; };
		A8F48AF32A1E588200899738 /* OrderView.swift in Sources */ = {isa = PBXBuildFile; fileRef = A8F48AF22A1E588200899738 /* OrderView.swift */; };
		A8F48AF52A1E58B700899738 /* ItemDetail.swift in Sources */ = {isa = PBXBuildFile; fileRef = A8F48AF42A1E58B700899738 /* ItemDetail.swift */; };
		A8F48AF72A1E58D800899738 /* ItemRow.swift in Sources */ = {isa = PBXBuildFile; fileRef = A8F48AF62A1E58D800899738 /* ItemRow.swift */; };
/* End PBXBuildFile section */

/* Begin PBXFileReference section */
		A88F61792A16197A0096C81A /* idine */ = {isa = PBXFileReference; lastKnownFileType = folder; path = idine; sourceTree = "<group>"; };
		A88F617B2A161A4C0096C81A /* Menu.swift */ = {isa = PBXFileReference; fileEncoding = 4; lastKnownFileType = sourcecode.swift; path = Menu.swift; sourceTree = "<group>"; };
		A88F617C2A161A4C0096C81A /* Order.swift */ = {isa = PBXFileReference; fileEncoding = 4; lastKnownFileType = sourcecode.swift; path = Order.swift; sourceTree = "<group>"; };
		A88F61802A161A6E0096C81A /* maple-french-toast@2x.jpg */ = {isa = PBXFileReference; lastKnownFileType = image.jpeg; path = "maple-french-toast@2x.jpg"; sourceTree = "<group>"; };
		A88F61812A161A6E0096C81A /* mushroom-tagliatelle-thumb@3x.jpg */ = {isa = PBXFileReference; lastKnownFileType = image.jpeg; path = "mushroom-tagliatelle-thumb@3x.jpg"; sourceTree = "<group>"; };
		A88F61822A161A6E0096C81A /* strawberry-surprise-thumb@2x.jpg */ = {isa = PBXFileReference; lastKnownFileType = image.jpeg; path = "strawberry-surprise-thumb@2x.jpg"; sourceTree = "<group>"; };
		A88F61832A161A6E0096C81A /* virgin-mojito@3x.jpg */ = {isa = PBXFileReference; lastKnownFileType = image.jpeg; path = "virgin-mojito@3x.jpg"; sourceTree = "<group>"; };
		A88F61842A161A6E0096C81A /* pesto-farfalle-thumb@2x.jpg */ = {isa = PBXFileReference; lastKnownFileType = image.jpeg; path = "pesto-farfalle-thumb@2x.jpg"; sourceTree = "<group>"; };
		A88F61852A161A6E0096C81A /* fresh-baked-croissant@2x.jpg */ = {isa = PBXFileReference; lastKnownFileType = image.jpeg; path = "fresh-baked-croissant@2x.jpg"; sourceTree = "<group>"; };
		A88F61862A161A6E0096C81A /* thai-red-curry@2x.jpg */ = {isa = PBXFileReference; lastKnownFileType = image.jpeg; path = "thai-red-curry@2x.jpg"; sourceTree = "<group>"; };
		A88F61872A161A6E0096C81A /* macarons-galore-thumb@2x.jpg */ = {isa = PBXFileReference; lastKnownFileType = image.jpeg; path = "macarons-galore-thumb@2x.jpg"; sourceTree = "<group>"; };
		A88F61882A161A6E0096C81A /* power-muesli@2x.jpg */ = {isa = PBXFileReference; lastKnownFileType = image.jpeg; path = "power-muesli@2x.jpg"; sourceTree = "<group>"; };
		A88F61892A161A6E0096C81A /* mexican-mocha-thumb@2x.jpg */ = {isa = PBXFileReference; lastKnownFileType = image.jpeg; path = "mexican-mocha-thumb@2x.jpg"; sourceTree = "<group>"; };
		A88F618A2A161A6E0096C81A /* mexican-mocha-thumb@3x.jpg */ = {isa = PBXFileReference; lastKnownFileType = image.jpeg; path = "mexican-mocha-thumb@3x.jpg"; sourceTree = "<group>"; };
		A88F618B2A161A6E0096C81A /* power-muesli@3x.jpg */ = {isa = PBXFileReference; lastKnownFileType = image.jpeg; path = "power-muesli@3x.jpg"; sourceTree = "<group>"; };
		A88F618C2A161A6F0096C81A /* macarons-galore-thumb@3x.jpg */ = {isa = PBXFileReference; lastKnownFileType = image.jpeg; path = "macarons-galore-thumb@3x.jpg"; sourceTree = "<group>"; };
		A88F618D2A161A6F0096C81A /* thai-red-curry@3x.jpg */ = {isa = PBXFileReference; lastKnownFileType = image.jpeg; path = "thai-red-curry@3x.jpg"; sourceTree = "<group>"; };
		A88F618E2A161A6F0096C81A /* fresh-baked-croissant@3x.jpg */ = {isa = PBXFileReference; lastKnownFileType = image.jpeg; path = "fresh-baked-croissant@3x.jpg"; sourceTree = "<group>"; };
		A88F618F2A161A6F0096C81A /* pesto-farfalle-thumb@3x.jpg */ = {isa = PBXFileReference; lastKnownFileType = image.jpeg; path = "pesto-farfalle-thumb@3x.jpg"; sourceTree = "<group>"; };
		A88F61902A161A6F0096C81A /* virgin-mojito@2x.jpg */ = {isa = PBXFileReference; lastKnownFileType = image.jpeg; path = "virgin-mojito@2x.jpg"; sourceTree = "<group>"; };
		A88F61912A161A6F0096C81A /* strawberry-surprise-thumb@3x.jpg */ = {isa = PBXFileReference; lastKnownFileType = image.jpeg; path = "strawberry-surprise-thumb@3x.jpg"; sourceTree = "<group>"; };
		A88F61922A161A6F0096C81A /* mushroom-tagliatelle-thumb@2x.jpg */ = {isa = PBXFileReference; lastKnownFileType = image.jpeg; path = "mushroom-tagliatelle-thumb@2x.jpg"; sourceTree = "<group>"; };
		A88F61932A161A6F0096C81A /* maple-french-toast@3x.jpg */ = {isa = PBXFileReference; lastKnownFileType = image.jpeg; path = "maple-french-toast@3x.jpg"; sourceTree = "<group>"; };
		A88F61942A161A6F0096C81A /* pepperoni-pizza@3x.jpg */ = {isa = PBXFileReference; lastKnownFileType = image.jpeg; path = "pepperoni-pizza@3x.jpg"; sourceTree = "<group>"; };
		A88F61952A161A6F0096C81A /* cheese-toastie-thumb@3x.jpg */ = {isa = PBXFileReference; lastKnownFileType = image.jpeg; path = "cheese-toastie-thumb@3x.jpg"; sourceTree = "<group>"; };
		A88F61962A161A6F0096C81A /* stack-o-pancakes-thumb@2x.jpg */ = {isa = PBXFileReference; lastKnownFileType = image.jpeg; path = "stack-o-pancakes-thumb@2x.jpg"; sourceTree = "<group>"; };
		A88F61972A161A6F0096C81A /* corn-on-the-cob@2x.jpg */ = {isa = PBXFileReference; lastKnownFileType = image.jpeg; path = "corn-on-the-cob@2x.jpg"; sourceTree = "<group>"; };
		A88F61982A161A6F0096C81A /* strawberry-cooler-thumb@2x.jpg */ = {isa = PBXFileReference; lastKnownFileType = image.jpeg; path = "strawberry-cooler-thumb@2x.jpg"; sourceTree = "<group>"; };
		A88F61992A161A6F0096C81A /* paella-alicante@2x.jpg */ = {isa = PBXFileReference; lastKnownFileType = image.jpeg; path = "paella-alicante@2x.jpg"; sourceTree = "<group>"; };
		A88F619A2A161A6F0096C81A /* super-sundae-thumb@3x.jpg */ = {isa = PBXFileReference; lastKnownFileType = image.jpeg; path = "super-sundae-thumb@3x.jpg"; sourceTree = "<group>"; };
		A88F619B2A161A6F0096C81A /* virgin-mojito-thumb@2x.jpg */ = {isa = PBXFileReference; lastKnownFileType = image.jpeg; path = "virgin-mojito-thumb@2x.jpg"; sourceTree = "<group>"; };
		A88F619C2A161A6F0096C81A /* tower-burger-thumb@2x.jpg */ = {isa = PBXFileReference; lastKnownFileType = image.jpeg; path = "tower-burger-thumb@2x.jpg"; sourceTree = "<group>"; };
		A88F619D2A161A6F0096C81A /* cheese-toastie@2x.jpg */ = {isa = PBXFileReference; lastKnownFileType = image.jpeg; path = "cheese-toastie@2x.jpg"; sourceTree = "<group>"; };
		A88F619E2A161A6F0096C81A /* porridge-deluxe@2x.jpg */ = {isa = PBXFileReference; lastKnownFileType = image.jpeg; path = "porridge-deluxe@2x.jpg"; sourceTree = "<group>"; };
		A88F619F2A161A6F0096C81A /* porridge-deluxe-thumb@3x.jpg */ = {isa = PBXFileReference; lastKnownFileType = image.jpeg; path = "porridge-deluxe-thumb@3x.jpg"; sourceTree = "<group>"; };
		A88F61A02A161A6F0096C81A /* superfood-salad-thumb@2x.jpg */ = {isa = PBXFileReference; lastKnownFileType = image.jpeg; path = "superfood-salad-thumb@2x.jpg"; sourceTree = "<group>"; };
		A88F61A12A161A6F0096C81A /* tower-burger@3x.jpg */ = {isa = PBXFileReference; lastKnownFileType = image.jpeg; path = "tower-burger@3x.jpg"; sourceTree = "<group>"; };
		A88F61A22A161A6F0096C81A /* pesto-farfalle@3x.jpg */ = {isa = PBXFileReference; lastKnownFileType = image.jpeg; path = "pesto-farfalle@3x.jpg"; sourceTree = "<group>"; };
		A88F61A32A161A6F0096C81A /* stack-o-pancakes@2x.jpg */ = {isa = PBXFileReference; lastKnownFileType = image.jpeg; path = "stack-o-pancakes@2x.jpg"; sourceTree = "<group>"; };
		A88F61A42A161A6F0096C81A /* powerhouse-coffee@3x.jpg */ = {isa = PBXFileReference; lastKnownFileType = image.jpeg; path = "powerhouse-coffee@3x.jpg"; sourceTree = "<group>"; };
		A88F61A52A161A6F0096C81A /* power-muesli-thumb@2x.jpg */ = {isa = PBXFileReference; lastKnownFileType = image.jpeg; path = "power-muesli-thumb@2x.jpg"; sourceTree = "<group>"; };
		A88F61A62A161A6F0096C81A /* powerhouse-coffee-thumb@2x.jpg */ = {isa = PBXFileReference; lastKnownFileType = image.jpeg; path = "powerhouse-coffee-thumb@2x.jpg"; sourceTree = "<group>"; };
		A88F61A72A161A6F0096C81A /* chrysanthemum-tea-thumb@3x.jpg */ = {isa = PBXFileReference; lastKnownFileType = image.jpeg; path = "chrysanthemum-tea-thumb@3x.jpg"; sourceTree = "<group>"; };
		A88F61A82A161A6F0096C81A /* all-out-donuts@2x.jpg */ = {isa = PBXFileReference; lastKnownFileType = image.jpeg; path = "all-out-donuts@2x.jpg"; sourceTree = "<group>"; };
		A88F61A92A161A6F0096C81A /* all-out-donuts@3x.jpg */ = {isa = PBXFileReference; lastKnownFileType = image.jpeg; path = "all-out-donuts@3x.jpg"; sourceTree = "<group>"; };
		A88F61AA2A161A6F0096C81A /* chrysanthemum-tea-thumb@2x.jpg */ = {isa = PBXFileReference; lastKnownFileType = image.jpeg; path = "chrysanthemum-tea-thumb@2x.jpg"; sourceTree = "<group>"; };
		A88F61AB2A161A6F0096C81A /* powerhouse-coffee-thumb@3x.jpg */ = {isa = PBXFileReference; lastKnownFileType = image.jpeg; path = "powerhouse-coffee-thumb@3x.jpg"; sourceTree = "<group>"; };
		A88F61AC2A161A6F0096C81A /* powerhouse-coffee@2x.jpg */ = {isa = PBXFileReference; lastKnownFileType = image.jpeg; path = "powerhouse-coffee@2x.jpg"; sourceTree = "<group>"; };
		A88F61AD2A161A6F0096C81A /* power-muesli-thumb@3x.jpg */ = {isa = PBXFileReference; lastKnownFileType = image.jpeg; path = "power-muesli-thumb@3x.jpg"; sourceTree = "<group>"; };
		A88F61AE2A161A6F0096C81A /* stack-o-pancakes@3x.jpg */ = {isa = PBXFileReference; lastKnownFileType = image.jpeg; path = "stack-o-pancakes@3x.jpg"; sourceTree = "<group>"; };
		A88F61AF2A161A6F0096C81A /* pesto-farfalle@2x.jpg */ = {isa = PBXFileReference; lastKnownFileType = image.jpeg; path = "pesto-farfalle@2x.jpg"; sourceTree = "<group>"; };
		A88F61B02A161A6F0096C81A /* tower-burger@2x.jpg */ = {isa = PBXFileReference; lastKnownFileType = image.jpeg; path = "tower-burger@2x.jpg"; sourceTree = "<group>"; };
		A88F61B12A161A6F0096C81A /* superfood-salad-thumb@3x.jpg */ = {isa = PBXFileReference; lastKnownFileType = image.jpeg; path = "superfood-salad-thumb@3x.jpg"; sourceTree = "<group>"; };
		A88F61B22A161A6F0096C81A /* porridge-deluxe@3x.jpg */ = {isa = PBXFileReference; lastKnownFileType = image.jpeg; path = "porridge-deluxe@3x.jpg"; sourceTree = "<group>"; };
		A88F61B32A161A6F0096C81A /* porridge-deluxe-thumb@2x.jpg */ = {isa = PBXFileReference; lastKnownFileType = image.jpeg; path = "porridge-deluxe-thumb@2x.jpg"; sourceTree = "<group>"; };
		A88F61B42A161A6F0096C81A /* tower-burger-thumb@3x.jpg */ = {isa = PBXFileReference; lastKnownFileType = image.jpeg; path = "tower-burger-thumb@3x.jpg"; sourceTree = "<group>"; };
		A88F61B52A161A6F0096C81A /* cheese-toastie@3x.jpg */ = {isa = PBXFileReference; lastKnownFileType = image.jpeg; path = "cheese-toastie@3x.jpg"; sourceTree = "<group>"; };
		A88F61B62A161A6F0096C81A /* virgin-mojito-thumb@3x.jpg */ = {isa = PBXFileReference; lastKnownFileType = image.jpeg; path = "virgin-mojito-thumb@3x.jpg"; sourceTree = "<group>"; };
		A88F61B72A161A6F0096C81A /* super-sundae-thumb@2x.jpg */ = {isa = PBXFileReference; lastKnownFileType = image.jpeg; path = "super-sundae-thumb@2x.jpg"; sourceTree = "<group>"; };
		A88F61B82A161A6F0096C81A /* paella-alicante@3x.jpg */ = {isa = PBXFileReference; lastKnownFileType = image.jpeg; path = "paella-alicante@3x.jpg"; sourceTree = "<group>"; };
		A88F61B92A161A6F0096C81A /* strawberry-cooler-thumb@3x.jpg */ = {isa = PBXFileReference; lastKnownFileType = image.jpeg; path = "strawberry-cooler-thumb@3x.jpg"; sourceTree = "<group>"; };
		A88F61BA2A161A6F0096C81A /* corn-on-the-cob@3x.jpg */ = {isa = PBXFileReference; lastKnownFileType = image.jpeg; path = "corn-on-the-cob@3x.jpg"; sourceTree = "<group>"; };
		A88F61BB2A161A6F0096C81A /* stack-o-pancakes-thumb@3x.jpg */ = {isa = PBXFileReference; lastKnownFileType = image.jpeg; path = "stack-o-pancakes-thumb@3x.jpg"; sourceTree = "<group>"; };
		A88F61BC2A161A6F0096C81A /* cheese-toastie-thumb@2x.jpg */ = {isa = PBXFileReference; lastKnownFileType = image.jpeg; path = "cheese-toastie-thumb@2x.jpg"; sourceTree = "<group>"; };
		A88F61BD2A161A6F0096C81A /* pepperoni-pizza@2x.jpg */ = {isa = PBXFileReference; lastKnownFileType = image.jpeg; path = "pepperoni-pizza@2x.jpg"; sourceTree = "<group>"; };
		A88F61BE2A161A6F0096C81A /* penne-carbonara@3x.jpg */ = {isa = PBXFileReference; lastKnownFileType = image.jpeg; path = "penne-carbonara@3x.jpg"; sourceTree = "<group>"; };
		A88F61BF2A161A6F0096C81A /* chrysanthemum-tea@2x.jpg */ = {isa = PBXFileReference; lastKnownFileType = image.jpeg; path = "chrysanthemum-tea@2x.jpg"; sourceTree = "<group>"; };
		A88F61C02A161A6F0096C81A /* veggie-pizza@3x.jpg */ = {isa = PBXFileReference; lastKnownFileType = image.jpeg; path = "veggie-pizza@3x.jpg"; sourceTree = "<group>"; };
		A88F61C12A161A6F0096C81A /* veggie-pizza-thumb@3x.jpg */ = {isa = PBXFileReference; lastKnownFileType = image.jpeg; path = "veggie-pizza-thumb@3x.jpg"; sourceTree = "<group>"; };
		A88F61C22A161A6F0096C81A /* macarons-galore@3x.jpg */ = {isa = PBXFileReference; lastKnownFileType = image.jpeg; path = "macarons-galore@3x.jpg"; sourceTree = "<group>"; };
		A88F61C32A161A6F0096C81A /* maple-french-toast-thumb@2x.jpg */ = {isa = PBXFileReference; lastKnownFileType = image.jpeg; path = "maple-french-toast-thumb@2x.jpg"; sourceTree = "<group>"; };
		A88F61C42A161A6F0096C81A /* all-out-donuts-thumb@2x.jpg */ = {isa = PBXFileReference; lastKnownFileType = image.jpeg; path = "all-out-donuts-thumb@2x.jpg"; sourceTree = "<group>"; };
		A88F61C52A161A6F0096C81A /* thai-red-curry-thumb@2x.jpg */ = {isa = PBXFileReference; lastKnownFileType = image.jpeg; path = "thai-red-curry-thumb@2x.jpg"; sourceTree = "<group>"; };
		A88F61C62A161A6F0096C81A /* fresh-baked-croissant-thumb@2x.jpg */ = {isa = PBXFileReference; lastKnownFileType = image.jpeg; path = "fresh-baked-croissant-thumb@2x.jpg"; sourceTree = "<group>"; };
		A88F61C72A161A6F0096C81A /* full-english-thumb@3x.jpg */ = {isa = PBXFileReference; lastKnownFileType = image.jpeg; path = "full-english-thumb@3x.jpg"; sourceTree = "<group>"; };
		A88F61C82A161A6F0096C81A /* mexican-mocha@3x.jpg */ = {isa = PBXFileReference; lastKnownFileType = image.jpeg; path = "mexican-mocha@3x.jpg"; sourceTree = "<group>"; };
		A88F61C92A161A6F0096C81A /* strawberry-cooler@2x.jpg */ = {isa = PBXFileReference; lastKnownFileType = image.jpeg; path = "strawberry-cooler@2x.jpg"; sourceTree = "<group>"; };
		A88F61CA2A161A6F0096C81A /* mushroom-tagliatelle@3x.jpg */ = {isa = PBXFileReference; lastKnownFileType = image.jpeg; path = "mushroom-tagliatelle@3x.jpg"; sourceTree = "<group>"; };
		A88F61CB2A161A6F0096C81A /* straight-up-oj-thumb@2x.jpg */ = {isa = PBXFileReference; lastKnownFileType = image.jpeg; path = "straight-up-oj-thumb@2x.jpg"; sourceTree = "<group>"; };
		A88F61CC2A161A6F0096C81A /* strawberry-surprise@2x.jpg */ = {isa = PBXFileReference; lastKnownFileType = image.jpeg; path = "strawberry-surprise@2x.jpg"; sourceTree = "<group>"; };
		A88F61CD2A161A6F0096C81A /* strawberry-surprise@3x.jpg */ = {isa = PBXFileReference; lastKnownFileType = image.jpeg; path = "strawberry-surprise@3x.jpg"; sourceTree = "<group>"; };
		A88F61CE2A161A6F0096C81A /* straight-up-oj-thumb@3x.jpg */ = {isa = PBXFileReference; lastKnownFileType = image.jpeg; path = "straight-up-oj-thumb@3x.jpg"; sourceTree = "<group>"; };
		A88F61CF2A161A6F0096C81A /* mushroom-tagliatelle@2x.jpg */ = {isa = PBXFileReference; lastKnownFileType = image.jpeg; path = "mushroom-tagliatelle@2x.jpg"; sourceTree = "<group>"; };
		A88F61D02A161A6F0096C81A /* mexican-mocha@2x.jpg */ = {isa = PBXFileReference; lastKnownFileType = image.jpeg; path = "mexican-mocha@2x.jpg"; sourceTree = "<group>"; };
		A88F61D12A161A6F0096C81A /* strawberry-cooler@3x.jpg */ = {isa = PBXFileReference; lastKnownFileType = image.jpeg; path = "strawberry-cooler@3x.jpg"; sourceTree = "<group>"; };
		A88F61D22A161A6F0096C81A /* full-english-thumb@2x.jpg */ = {isa = PBXFileReference; lastKnownFileType = image.jpeg; path = "full-english-thumb@2x.jpg"; sourceTree = "<group>"; };
		A88F61D32A161A6F0096C81A /* fresh-baked-croissant-thumb@3x.jpg */ = {isa = PBXFileReference; lastKnownFileType = image.jpeg; path = "fresh-baked-croissant-thumb@3x.jpg"; sourceTree = "<group>"; };
		A88F61D42A161A6F0096C81A /* thai-red-curry-thumb@3x.jpg */ = {isa = PBXFileReference; lastKnownFileType = image.jpeg; path = "thai-red-curry-thumb@3x.jpg"; sourceTree = "<group>"; };
		A88F61D52A161A6F0096C81A /* all-out-donuts-thumb@3x.jpg */ = {isa = PBXFileReference; lastKnownFileType = image.jpeg; path = "all-out-donuts-thumb@3x.jpg"; sourceTree = "<group>"; };
		A88F61D62A161A6F0096C81A /* maple-french-toast-thumb@3x.jpg */ = {isa = PBXFileReference; lastKnownFileType = image.jpeg; path = "maple-french-toast-thumb@3x.jpg"; sourceTree = "<group>"; };
		A88F61D72A161A6F0096C81A /* macarons-galore@2x.jpg */ = {isa = PBXFileReference; lastKnownFileType = image.jpeg; path = "macarons-galore@2x.jpg"; sourceTree = "<group>"; };
		A88F61D82A161A6F0096C81A /* veggie-pizza@2x.jpg */ = {isa = PBXFileReference; lastKnownFileType = image.jpeg; path = "veggie-pizza@2x.jpg"; sourceTree = "<group>"; };
		A88F61D92A161A6F0096C81A /* veggie-pizza-thumb@2x.jpg */ = {isa = PBXFileReference; lastKnownFileType = image.jpeg; path = "veggie-pizza-thumb@2x.jpg"; sourceTree = "<group>"; };
		A88F61DA2A161A6F0096C81A /* chrysanthemum-tea@3x.jpg */ = {isa = PBXFileReference; lastKnownFileType = image.jpeg; path = "chrysanthemum-tea@3x.jpg"; sourceTree = "<group>"; };
		A88F61DB2A161A6F0096C81A /* penne-carbonara@2x.jpg */ = {isa = PBXFileReference; lastKnownFileType = image.jpeg; path = "penne-carbonara@2x.jpg"; sourceTree = "<group>"; };
		A88F61DC2A161A6F0096C81A /* fillet-steak-thumb@2x.jpg */ = {isa = PBXFileReference; lastKnownFileType = image.jpeg; path = "fillet-steak-thumb@2x.jpg"; sourceTree = "<group>"; };
		A88F61DD2A161A6F0096C81A /* straight-up-oj@2x.jpg */ = {isa = PBXFileReference; lastKnownFileType = image.jpeg; path = "straight-up-oj@2x.jpg"; sourceTree = "<group>"; };
		A88F61DE2A161A6F0096C81A /* penne-carbonara-thumb@2x.jpg */ = {isa = PBXFileReference; lastKnownFileType = image.jpeg; path = "penne-carbonara-thumb@2x.jpg"; sourceTree = "<group>"; };
		A88F61DF2A161A6F0096C81A /* super-sundae@3x.jpg */ = {isa = PBXFileReference; lastKnownFileType = image.jpeg; path = "super-sundae@3x.jpg"; sourceTree = "<group>"; };
		A88F61E02A161A6F0096C81A /* superfood-salad@3x.jpg */ = {isa = PBXFileReference; lastKnownFileType = image.jpeg; path = "superfood-salad@3x.jpg"; sourceTree = "<group>"; };
		A88F61E12A161A6F0096C81A /* paella-alicante-thumb@3x.jpg */ = {isa = PBXFileReference; lastKnownFileType = image.jpeg; path = "paella-alicante-thumb@3x.jpg"; sourceTree = "<group>"; };
		A88F61E22A161A6F0096C81A /* pepperoni-pizza-thumb@2x.jpg */ = {isa = PBXFileReference; lastKnownFileType = image.jpeg; path = "pepperoni-pizza-thumb@2x.jpg"; sourceTree = "<group>"; };
		A88F61E32A161A6F0096C81A /* full-english@3x.jpg */ = {isa = PBXFileReference; lastKnownFileType = image.jpeg; path = "full-english@3x.jpg"; sourceTree = "<group>"; };
		A88F61E42A161A6F0096C81A /* corn-on-the-cob-thumb@2x.jpg */ = {isa = PBXFileReference; lastKnownFileType = image.jpeg; path = "corn-on-the-cob-thumb@2x.jpg"; sourceTree = "<group>"; };
		A88F61E52A161A6F0096C81A /* fillet-steak@2x.jpg */ = {isa = PBXFileReference; lastKnownFileType = image.jpeg; path = "fillet-steak@2x.jpg"; sourceTree = "<group>"; };
		A88F61E62A161A6F0096C81A /* fillet-steak@3x.jpg */ = {isa = PBXFileReference; lastKnownFileType = image.jpeg; path = "fillet-steak@3x.jpg"; sourceTree = "<group>"; };
		A88F61E72A161A6F0096C81A /* corn-on-the-cob-thumb@3x.jpg */ = {isa = PBXFileReference; lastKnownFileType = image.jpeg; path = "corn-on-the-cob-thumb@3x.jpg"; sourceTree = "<group>"; };
		A88F61E82A161A6F0096C81A /* full-english@2x.jpg */ = {isa = PBXFileReference; lastKnownFileType = image.jpeg; path = "full-english@2x.jpg"; sourceTree = "<group>"; };
		A88F61E92A161A6F0096C81A /* pepperoni-pizza-thumb@3x.jpg */ = {isa = PBXFileReference; lastKnownFileType = image.jpeg; path = "pepperoni-pizza-thumb@3x.jpg"; sourceTree = "<group>"; };
		A88F61EA2A161A6F0096C81A /* paella-alicante-thumb@2x.jpg */ = {isa = PBXFileReference; lastKnownFileType = image.jpeg; path = "paella-alicante-thumb@2x.jpg"; sourceTree = "<group>"; };
		A88F61EB2A161A6F0096C81A /* superfood-salad@2x.jpg */ = {isa = PBXFileReference; lastKnownFileType = image.jpeg; path = "superfood-salad@2x.jpg"; sourceTree = "<group>"; };
		A88F61EC2A161A6F0096C81A /* super-sundae@2x.jpg */ = {isa = PBXFileReference; lastKnownFileType = image.jpeg; path = "super-sundae@2x.jpg"; sourceTree = "<group>"; };
		A88F61ED2A161A6F0096C81A /* penne-carbonara-thumb@3x.jpg */ = {isa = PBXFileReference; lastKnownFileType = image.jpeg; path = "penne-carbonara-thumb@3x.jpg"; sourceTree = "<group>"; };
		A88F61EE2A161A6F0096C81A /* fillet-steak-thumb@3x.jpg */ = {isa = PBXFileReference; lastKnownFileType = image.jpeg; path = "fillet-steak-thumb@3x.jpg"; sourceTree = "<group>"; };
		A88F61EF2A161A6F0096C81A /* straight-up-oj@3x.jpg */ = {isa = PBXFileReference; lastKnownFileType = image.jpeg; path = "straight-up-oj@3x.jpg"; sourceTree = "<group>"; };
		A88F61F02A161A7E0096C81A /* Helper.swift */ = {isa = PBXFileReference; fileEncoding = 4; lastKnownFileType = sourcecode.swift; path = Helper.swift; sourceTree = "<group>"; };
		A88F61F12A161A7E0096C81A /* menu.json */ = {isa = PBXFileReference; fileEncoding = 4; lastKnownFileType = text.json; path = menu.json; sourceTree = "<group>"; };
		A89679D02A152B7B001EAD1A /* SwiftUITest.app */ = {isa = PBXFileReference; explicitFileType = wrapper.application; includeInIndex = 0; path = SwiftUITest.app; sourceTree = BUILT_PRODUCTS_DIR; };
		A89679D32A152B7B001EAD1A /* SwiftUITestApp.swift */ = {isa = PBXFileReference; lastKnownFileType = sourcecode.swift; path = SwiftUITestApp.swift; sourceTree = "<group>"; };
		A89679D52A152B7B001EAD1A /* ContentView.swift */ = {isa = PBXFileReference; lastKnownFileType = sourcecode.swift; path = ContentView.swift; sourceTree = "<group>"; };
		A89679D72A152B7F001EAD1A /* Assets.xcassets */ = {isa = PBXFileReference; lastKnownFileType = folder.assetcatalog; path = Assets.xcassets; sourceTree = "<group>"; };
		A89679DA2A152B7F001EAD1A /* Preview Assets.xcassets */ = {isa = PBXFileReference; lastKnownFileType = folder.assetcatalog; path = "Preview Assets.xcassets"; sourceTree = "<group>"; };
		A8F48AF22A1E588200899738 /* OrderView.swift */ = {isa = PBXFileReference; lastKnownFileType = sourcecode.swift; path = OrderView.swift; sourceTree = "<group>"; };
		A8F48AF42A1E58B700899738 /* ItemDetail.swift */ = {isa = PBXFileReference; lastKnownFileType = sourcecode.swift; path = ItemDetail.swift; sourceTree = "<group>"; };
		A8F48AF62A1E58D800899738 /* ItemRow.swift */ = {isa = PBXFileReference; lastKnownFileType = sourcecode.swift; path = ItemRow.swift; sourceTree = "<group>"; };
/* End PBXFileReference section */

/* Begin PBXFrameworksBuildPhase section */
		A89679CD2A152B7B001EAD1A /* Frameworks */ = {
			isa = PBXFrameworksBuildPhase;
			buildActionMask = 2147483647;
			files = (
			);
			runOnlyForDeploymentPostprocessing = 0;
		};
/* End PBXFrameworksBuildPhase section */

/* Begin PBXGroup section */
		A88F617F2A161A6E0096C81A /* Images */ = {
			isa = PBXGroup;
			children = (
				A88F61802A161A6E0096C81A /* maple-french-toast@2x.jpg */,
				A88F61812A161A6E0096C81A /* mushroom-tagliatelle-thumb@3x.jpg */,
				A88F61822A161A6E0096C81A /* strawberry-surprise-thumb@2x.jpg */,
				A88F61832A161A6E0096C81A /* virgin-mojito@3x.jpg */,
				A88F61842A161A6E0096C81A /* pesto-farfalle-thumb@2x.jpg */,
				A88F61852A161A6E0096C81A /* fresh-baked-croissant@2x.jpg */,
				A88F61862A161A6E0096C81A /* thai-red-curry@2x.jpg */,
				A88F61872A161A6E0096C81A /* macarons-galore-thumb@2x.jpg */,
				A88F61882A161A6E0096C81A /* power-muesli@2x.jpg */,
				A88F61892A161A6E0096C81A /* mexican-mocha-thumb@2x.jpg */,
				A88F618A2A161A6E0096C81A /* mexican-mocha-thumb@3x.jpg */,
				A88F618B2A161A6E0096C81A /* power-muesli@3x.jpg */,
				A88F618C2A161A6F0096C81A /* macarons-galore-thumb@3x.jpg */,
				A88F618D2A161A6F0096C81A /* thai-red-curry@3x.jpg */,
				A88F618E2A161A6F0096C81A /* fresh-baked-croissant@3x.jpg */,
				A88F618F2A161A6F0096C81A /* pesto-farfalle-thumb@3x.jpg */,
				A88F61902A161A6F0096C81A /* virgin-mojito@2x.jpg */,
				A88F61912A161A6F0096C81A /* strawberry-surprise-thumb@3x.jpg */,
				A88F61922A161A6F0096C81A /* mushroom-tagliatelle-thumb@2x.jpg */,
				A88F61932A161A6F0096C81A /* maple-french-toast@3x.jpg */,
				A88F61942A161A6F0096C81A /* pepperoni-pizza@3x.jpg */,
				A88F61952A161A6F0096C81A /* cheese-toastie-thumb@3x.jpg */,
				A88F61962A161A6F0096C81A /* stack-o-pancakes-thumb@2x.jpg */,
				A88F61972A161A6F0096C81A /* corn-on-the-cob@2x.jpg */,
				A88F61982A161A6F0096C81A /* strawberry-cooler-thumb@2x.jpg */,
				A88F61992A161A6F0096C81A /* paella-alicante@2x.jpg */,
				A88F619A2A161A6F0096C81A /* super-sundae-thumb@3x.jpg */,
				A88F619B2A161A6F0096C81A /* virgin-mojito-thumb@2x.jpg */,
				A88F619C2A161A6F0096C81A /* tower-burger-thumb@2x.jpg */,
				A88F619D2A161A6F0096C81A /* cheese-toastie@2x.jpg */,
				A88F619E2A161A6F0096C81A /* porridge-deluxe@2x.jpg */,
				A88F619F2A161A6F0096C81A /* porridge-deluxe-thumb@3x.jpg */,
				A88F61A02A161A6F0096C81A /* superfood-salad-thumb@2x.jpg */,
				A88F61A12A161A6F0096C81A /* tower-burger@3x.jpg */,
				A88F61A22A161A6F0096C81A /* pesto-farfalle@3x.jpg */,
				A88F61A32A161A6F0096C81A /* stack-o-pancakes@2x.jpg */,
				A88F61A42A161A6F0096C81A /* powerhouse-coffee@3x.jpg */,
				A88F61A52A161A6F0096C81A /* power-muesli-thumb@2x.jpg */,
				A88F61A62A161A6F0096C81A /* powerhouse-coffee-thumb@2x.jpg */,
				A88F61A72A161A6F0096C81A /* chrysanthemum-tea-thumb@3x.jpg */,
				A88F61A82A161A6F0096C81A /* all-out-donuts@2x.jpg */,
				A88F61A92A161A6F0096C81A /* all-out-donuts@3x.jpg */,
				A88F61AA2A161A6F0096C81A /* chrysanthemum-tea-thumb@2x.jpg */,
				A88F61AB2A161A6F0096C81A /* powerhouse-coffee-thumb@3x.jpg */,
				A88F61AC2A161A6F0096C81A /* powerhouse-coffee@2x.jpg */,
				A88F61AD2A161A6F0096C81A /* power-muesli-thumb@3x.jpg */,
				A88F61AE2A161A6F0096C81A /* stack-o-pancakes@3x.jpg */,
				A88F61AF2A161A6F0096C81A /* pesto-farfalle@2x.jpg */,
				A88F61B02A161A6F0096C81A /* tower-burger@2x.jpg */,
				A88F61B12A161A6F0096C81A /* superfood-salad-thumb@3x.jpg */,
				A88F61B22A161A6F0096C81A /* porridge-deluxe@3x.jpg */,
				A88F61B32A161A6F0096C81A /* porridge-deluxe-thumb@2x.jpg */,
				A88F61B42A161A6F0096C81A /* tower-burger-thumb@3x.jpg */,
				A88F61B52A161A6F0096C81A /* cheese-toastie@3x.jpg */,
				A88F61B62A161A6F0096C81A /* virgin-mojito-thumb@3x.jpg */,
				A88F61B72A161A6F0096C81A /* super-sundae-thumb@2x.jpg */,
				A88F61B82A161A6F0096C81A /* paella-alicante@3x.jpg */,
				A88F61B92A161A6F0096C81A /* strawberry-cooler-thumb@3x.jpg */,
				A88F61BA2A161A6F0096C81A /* corn-on-the-cob@3x.jpg */,
				A88F61BB2A161A6F0096C81A /* stack-o-pancakes-thumb@3x.jpg */,
				A88F61BC2A161A6F0096C81A /* cheese-toastie-thumb@2x.jpg */,
				A88F61BD2A161A6F0096C81A /* pepperoni-pizza@2x.jpg */,
				A88F61BE2A161A6F0096C81A /* penne-carbonara@3x.jpg */,
				A88F61BF2A161A6F0096C81A /* chrysanthemum-tea@2x.jpg */,
				A88F61C02A161A6F0096C81A /* veggie-pizza@3x.jpg */,
				A88F61C12A161A6F0096C81A /* veggie-pizza-thumb@3x.jpg */,
				A88F61C22A161A6F0096C81A /* macarons-galore@3x.jpg */,
				A88F61C32A161A6F0096C81A /* maple-french-toast-thumb@2x.jpg */,
				A88F61C42A161A6F0096C81A /* all-out-donuts-thumb@2x.jpg */,
				A88F61C52A161A6F0096C81A /* thai-red-curry-thumb@2x.jpg */,
				A88F61C62A161A6F0096C81A /* fresh-baked-croissant-thumb@2x.jpg */,
				A88F61C72A161A6F0096C81A /* full-english-thumb@3x.jpg */,
				A88F61C82A161A6F0096C81A /* mexican-mocha@3x.jpg */,
				A88F61C92A161A6F0096C81A /* strawberry-cooler@2x.jpg */,
				A88F61CA2A161A6F0096C81A /* mushroom-tagliatelle@3x.jpg */,
				A88F61CB2A161A6F0096C81A /* straight-up-oj-thumb@2x.jpg */,
				A88F61CC2A161A6F0096C81A /* strawberry-surprise@2x.jpg */,
				A88F61CD2A161A6F0096C81A /* strawberry-surprise@3x.jpg */,
				A88F61CE2A161A6F0096C81A /* straight-up-oj-thumb@3x.jpg */,
				A88F61CF2A161A6F0096C81A /* mushroom-tagliatelle@2x.jpg */,
				A88F61D02A161A6F0096C81A /* mexican-mocha@2x.jpg */,
				A88F61D12A161A6F0096C81A /* strawberry-cooler@3x.jpg */,
				A88F61D22A161A6F0096C81A /* full-english-thumb@2x.jpg */,
				A88F61D32A161A6F0096C81A /* fresh-baked-croissant-thumb@3x.jpg */,
				A88F61D42A161A6F0096C81A /* thai-red-curry-thumb@3x.jpg */,
				A88F61D52A161A6F0096C81A /* all-out-donuts-thumb@3x.jpg */,
				A88F61D62A161A6F0096C81A /* maple-french-toast-thumb@3x.jpg */,
				A88F61D72A161A6F0096C81A /* macarons-galore@2x.jpg */,
				A88F61D82A161A6F0096C81A /* veggie-pizza@2x.jpg */,
				A88F61D92A161A6F0096C81A /* veggie-pizza-thumb@2x.jpg */,
				A88F61DA2A161A6F0096C81A /* chrysanthemum-tea@3x.jpg */,
				A88F61DB2A161A6F0096C81A /* penne-carbonara@2x.jpg */,
				A88F61DC2A161A6F0096C81A /* fillet-steak-thumb@2x.jpg */,
				A88F61DD2A161A6F0096C81A /* straight-up-oj@2x.jpg */,
				A88F61DE2A161A6F0096C81A /* penne-carbonara-thumb@2x.jpg */,
				A88F61DF2A161A6F0096C81A /* super-sundae@3x.jpg */,
				A88F61E02A161A6F0096C81A /* superfood-salad@3x.jpg */,
				A88F61E12A161A6F0096C81A /* paella-alicante-thumb@3x.jpg */,
				A88F61E22A161A6F0096C81A /* pepperoni-pizza-thumb@2x.jpg */,
				A88F61E32A161A6F0096C81A /* full-english@3x.jpg */,
				A88F61E42A161A6F0096C81A /* corn-on-the-cob-thumb@2x.jpg */,
				A88F61E52A161A6F0096C81A /* fillet-steak@2x.jpg */,
				A88F61E62A161A6F0096C81A /* fillet-steak@3x.jpg */,
				A88F61E72A161A6F0096C81A /* corn-on-the-cob-thumb@3x.jpg */,
				A88F61E82A161A6F0096C81A /* full-english@2x.jpg */,
				A88F61E92A161A6F0096C81A /* pepperoni-pizza-thumb@3x.jpg */,
				A88F61EA2A161A6F0096C81A /* paella-alicante-thumb@2x.jpg */,
				A88F61EB2A161A6F0096C81A /* superfood-salad@2x.jpg */,
				A88F61EC2A161A6F0096C81A /* super-sundae@2x.jpg */,
				A88F61ED2A161A6F0096C81A /* penne-carbonara-thumb@3x.jpg */,
				A88F61EE2A161A6F0096C81A /* fillet-steak-thumb@3x.jpg */,
				A88F61EF2A161A6F0096C81A /* straight-up-oj@3x.jpg */,
			);
			path = Images;
			sourceTree = "<group>";
		};
		A89679C72A152B7B001EAD1A = {
			isa = PBXGroup;
			children = (
				A89679D22A152B7B001EAD1A /* SwiftUITest */,
				A89679D12A152B7B001EAD1A /* Products */,
			);
			sourceTree = "<group>";
		};
		A89679D12A152B7B001EAD1A /* Products */ = {
			isa = PBXGroup;
			children = (
				A89679D02A152B7B001EAD1A /* SwiftUITest.app */,
			);
			name = Products;
			sourceTree = "<group>";
		};
		A89679D22A152B7B001EAD1A /* SwiftUITest */ = {
			isa = PBXGroup;
			children = (
				A89679D32A152B7B001EAD1A /* SwiftUITestApp.swift */,
				A89679D52A152B7B001EAD1A /* ContentView.swift */,
				A8F48AF62A1E58D800899738 /* ItemRow.swift */,
				A8F48AF42A1E58B700899738 /* ItemDetail.swift */,
				A8F48AF22A1E588200899738 /* OrderView.swift */,
				A88F617B2A161A4C0096C81A /* Menu.swift */,
				A88F617C2A161A4C0096C81A /* Order.swift */,
				A88F61F02A161A7E0096C81A /* Helper.swift */,
				A88F61F12A161A7E0096C81A /* menu.json */,
				A89679D72A152B7F001EAD1A /* Assets.xcassets */,
				A88F617F2A161A6E0096C81A /* Images */,
				A88F61792A16197A0096C81A /* idine */,
				A89679D92A152B7F001EAD1A /* Preview Content */,
			);
			path = SwiftUITest;
			sourceTree = "<group>";
		};
		A89679D92A152B7F001EAD1A /* Preview Content */ = {
			isa = PBXGroup;
			children = (
				A89679DA2A152B7F001EAD1A /* Preview Assets.xcassets */,
			);
			path = "Preview Content";
			sourceTree = "<group>";
		};
/* End PBXGroup section */

/* Begin PBXNativeTarget section */
		A89679CF2A152B7B001EAD1A /* SwiftUITest */ = {
			isa = PBXNativeTarget;
			buildConfigurationList = A89679DE2A152B7F001EAD1A /* Build configuration list for PBXNativeTarget "SwiftUITest" */;
			buildPhases = (
				A89679CC2A152B7B001EAD1A /* Sources */,
				A89679CD2A152B7B001EAD1A /* Frameworks */,
				A89679CE2A152B7B001EAD1A /* Resources */,
			);
			buildRules = (
			);
			dependencies = (
			);
			name = SwiftUITest;
			productName = SwiftUITest;
			productReference = A89679D02A152B7B001EAD1A /* SwiftUITest.app */;
			productType = "com.apple.product-type.application";
		};
/* End PBXNativeTarget section */

/* Begin PBXProject section */
		A89679C82A152B7B001EAD1A /* Project object */ = {
			isa = PBXProject;
			attributes = {
				BuildIndependentTargetsInParallel = 1;
				LastSwiftUpdateCheck = 1420;
				LastUpgradeCheck = 1420;
				TargetAttributes = {
					A89679CF2A152B7B001EAD1A = {
						CreatedOnToolsVersion = 14.2;
					};
				};
			};
			buildConfigurationList = A89679CB2A152B7B001EAD1A /* Build configuration list for PBXProject "SwiftUITest" */;
			compatibilityVersion = "Xcode 14.0";
			developmentRegion = en;
			hasScannedForEncodings = 0;
			knownRegions = (
				en,
				Base,
			);
			mainGroup = A89679C72A152B7B001EAD1A;
			productRefGroup = A89679D12A152B7B001EAD1A /* Products */;
			projectDirPath = "";
			projectRoot = "";
			targets = (
				A89679CF2A152B7B001EAD1A /* SwiftUITest */,
			);
		};
/* End PBXProject section */

/* Begin PBXResourcesBuildPhase section */
		A89679CE2A152B7B001EAD1A /* Resources */ = {
			isa = PBXResourcesBuildPhase;
			buildActionMask = 2147483647;
			files = (
				A88F617A2A16197A0096C81A /* idine in Resources */,
				A89679DB2A152B7F001EAD1A /* Preview Assets.xcassets in Resources */,
				A88F61F32A161A7E0096C81A /* menu.json in Resources */,
				A89679D82A152B7F001EAD1A /* Assets.xcassets in Resources */,
			);
			runOnlyForDeploymentPostprocessing = 0;
		};
/* End PBXResourcesBuildPhase section */

/* Begin PBXSourcesBuildPhase section */
		A89679CC2A152B7B001EAD1A /* Sources */ = {
			isa = PBXSourcesBuildPhase;
			buildActionMask = 2147483647;
			files = (
				A8F48AF52A1E58B700899738 /* ItemDetail.swift in Sources */,
				A88F617D2A161A4C0096C81A /* Menu.swift in Sources */,
				A89679D62A152B7B001EAD1A /* ContentView.swift in Sources */,
				A88F61F22A161A7E0096C81A /* Helper.swift in Sources */,
				A8F48AF32A1E588200899738 /* OrderView.swift in Sources */,
				A88F617E2A161A4C0096C81A /* Order.swift in Sources */,
				A89679D42A152B7B001EAD1A /* SwiftUITestApp.swift in Sources */,
				A8F48AF72A1E58D800899738 /* ItemRow.swift in Sources */,
			);
			runOnlyForDeploymentPostprocessing = 0;
		};
/* End PBXSourcesBuildPhase section */

/* Begin XCBuildConfiguration section */
		A89679DC2A152B7F001EAD1A /* Debug */ = {
			isa = XCBuildConfiguration;
			buildSettings = {
				ALWAYS_SEARCH_USER_PATHS = NO;
				CLANG_ANALYZER_NONNULL = YES;
				CLANG_ANALYZER_NUMBER_OBJECT_CONVERSION = YES_AGGRESSIVE;
				CLANG_CXX_LANGUAGE_STANDARD = "gnu++20";
				CLANG_ENABLE_MODULES = YES;
				CLANG_ENABLE_OBJC_ARC = YES;
				CLANG_ENABLE_OBJC_WEAK = YES;
				CLANG_WARN_BLOCK_CAPTURE_AUTORELEASING = YES;
				CLANG_WARN_BOOL_CONVERSION = YES;
				CLANG_WARN_COMMA = YES;
				CLANG_WARN_CONSTANT_CONVERSION = YES;
				CLANG_WARN_DEPRECATED_OBJC_IMPLEMENTATIONS = YES;
				CLANG_WARN_DIRECT_OBJC_ISA_USAGE = YES_ERROR;
				CLANG_WARN_DOCUMENTATION_COMMENTS = YES;
				CLANG_WARN_EMPTY_BODY = YES;
				CLANG_WARN_ENUM_CONVERSION = YES;
				CLANG_WARN_INFINITE_RECURSION = YES;
				CLANG_WARN_INT_CONVERSION = YES;
				CLANG_WARN_NON_LITERAL_NULL_CONVERSION = YES;
				CLANG_WARN_OBJC_IMPLICIT_RETAIN_SELF = YES;
				CLANG_WARN_OBJC_LITERAL_CONVERSION = YES;
				CLANG_WARN_OBJC_ROOT_CLASS = YES_ERROR;
				CLANG_WARN_QUOTED_INCLUDE_IN_FRAMEWORK_HEADER = YES;
				CLANG_WARN_RANGE_LOOP_ANALYSIS = YES;
				CLANG_WARN_STRICT_PROTOTYPES = YES;
				CLANG_WARN_SUSPICIOUS_MOVE = YES;
				CLANG_WARN_UNGUARDED_AVAILABILITY = YES_AGGRESSIVE;
				CLANG_WARN_UNREACHABLE_CODE = YES;
				CLANG_WARN__DUPLICATE_METHOD_MATCH = YES;
				COPY_PHASE_STRIP = NO;
				DEBUG_INFORMATION_FORMAT = dwarf;
				ENABLE_STRICT_OBJC_MSGSEND = YES;
				ENABLE_TESTABILITY = YES;
				GCC_C_LANGUAGE_STANDARD = gnu11;
				GCC_DYNAMIC_NO_PIC = NO;
				GCC_NO_COMMON_BLOCKS = YES;
				GCC_OPTIMIZATION_LEVEL = 0;
				GCC_PREPROCESSOR_DEFINITIONS = (
					"DEBUG=1",
					"$(inherited)",
				);
				GCC_WARN_64_TO_32_BIT_CONVERSION = YES;
				GCC_WARN_ABOUT_RETURN_TYPE = YES_ERROR;
				GCC_WARN_UNDECLARED_SELECTOR = YES;
				GCC_WARN_UNINITIALIZED_AUTOS = YES_AGGRESSIVE;
				GCC_WARN_UNUSED_FUNCTION = YES;
				GCC_WARN_UNUSED_VARIABLE = YES;
				IPHONEOS_DEPLOYMENT_TARGET = 15.6;
				MTL_ENABLE_DEBUG_INFO = INCLUDE_SOURCE;
				MTL_FAST_MATH = YES;
				ONLY_ACTIVE_ARCH = YES;
				SDKROOT = iphoneos;
				SWIFT_ACTIVE_COMPILATION_CONDITIONS = DEBUG;
				SWIFT_OPTIMIZATION_LEVEL = "-Onone";
			};
			name = Debug;
		};
		A89679DD2A152B7F001EAD1A /* Release */ = {
			isa = XCBuildConfiguration;
			buildSettings = {
				ALWAYS_SEARCH_USER_PATHS = NO;
				CLANG_ANALYZER_NONNULL = YES;
				CLANG_ANALYZER_NUMBER_OBJECT_CONVERSION = YES_AGGRESSIVE;
				CLANG_CXX_LANGUAGE_STANDARD = "gnu++20";
				CLANG_ENABLE_MODULES = YES;
				CLANG_ENABLE_OBJC_ARC = YES;
				CLANG_ENABLE_OBJC_WEAK = YES;
				CLANG_WARN_BLOCK_CAPTURE_AUTORELEASING = YES;
				CLANG_WARN_BOOL_CONVERSION = YES;
				CLANG_WARN_COMMA = YES;
				CLANG_WARN_CONSTANT_CONVERSION = YES;
				CLANG_WARN_DEPRECATED_OBJC_IMPLEMENTATIONS = YES;
				CLANG_WARN_DIRECT_OBJC_ISA_USAGE = YES_ERROR;
				CLANG_WARN_DOCUMENTATION_COMMENTS = YES;
				CLANG_WARN_EMPTY_BODY = YES;
				CLANG_WARN_ENUM_CONVERSION = YES;
				CLANG_WARN_INFINITE_RECURSION = YES;
				CLANG_WARN_INT_CONVERSION = YES;
				CLANG_WARN_NON_LITERAL_NULL_CONVERSION = YES;
				CLANG_WARN_OBJC_IMPLICIT_RETAIN_SELF = YES;
				CLANG_WARN_OBJC_LITERAL_CONVERSION = YES;
				CLANG_WARN_OBJC_ROOT_CLASS = YES_ERROR;
				CLANG_WARN_QUOTED_INCLUDE_IN_FRAMEWORK_HEADER = YES;
				CLANG_WARN_RANGE_LOOP_ANALYSIS = YES;
				CLANG_WARN_STRICT_PROTOTYPES = YES;
				CLANG_WARN_SUSPICIOUS_MOVE = YES;
				CLANG_WARN_UNGUARDED_AVAILABILITY = YES_AGGRESSIVE;
				CLANG_WARN_UNREACHABLE_CODE = YES;
				CLANG_WARN__DUPLICATE_METHOD_MATCH = YES;
				COPY_PHASE_STRIP = NO;
				DEBUG_INFORMATION_FORMAT = "dwarf-with-dsym";
				ENABLE_NS_ASSERTIONS = NO;
				ENABLE_STRICT_OBJC_MSGSEND = YES;
				GCC_C_LANGUAGE_STANDARD = gnu11;
				GCC_NO_COMMON_BLOCKS = YES;
				GCC_WARN_64_TO_32_BIT_CONVERSION = YES;
				GCC_WARN_ABOUT_RETURN_TYPE = YES_ERROR;
				GCC_WARN_UNDECLARED_SELECTOR = YES;
				GCC_WARN_UNINITIALIZED_AUTOS = YES_AGGRESSIVE;
				GCC_WARN_UNUSED_FUNCTION = YES;
				GCC_WARN_UNUSED_VARIABLE = YES;
				IPHONEOS_DEPLOYMENT_TARGET = 15.6;
				MTL_ENABLE_DEBUG_INFO = NO;
				MTL_FAST_MATH = YES;
				SDKROOT = iphoneos;
				SWIFT_COMPILATION_MODE = wholemodule;
				SWIFT_OPTIMIZATION_LEVEL = "-O";
				VALIDATE_PRODUCT = YES;
			};
			name = Release;
		};
		A89679DF2A152B7F001EAD1A /* Debug */ = {
			isa = XCBuildConfiguration;
			buildSettings = {
				ASSETCATALOG_COMPILER_APPICON_NAME = AppIcon;
				ASSETCATALOG_COMPILER_GLOBAL_ACCENT_COLOR_NAME = AccentColor;
				CODE_SIGN_STYLE = Automatic;
				CURRENT_PROJECT_VERSION = 1;
				DEVELOPMENT_ASSET_PATHS = "\"SwiftUITest/Preview Content\"";
				DEVELOPMENT_TEAM = YMHC929DBV;
				ENABLE_PREVIEWS = YES;
				GENERATE_INFOPLIST_FILE = YES;
				INFOPLIST_KEY_UIApplicationSceneManifest_Generation = YES;
				INFOPLIST_KEY_UIApplicationSupportsIndirectInputEvents = YES;
				INFOPLIST_KEY_UILaunchScreen_Generation = YES;
				INFOPLIST_KEY_UISupportedInterfaceOrientations_iPad = "UIInterfaceOrientationPortrait UIInterfaceOrientationPortraitUpsideDown UIInterfaceOrientationLandscapeLeft UIInterfaceOrientationLandscapeRight";
				INFOPLIST_KEY_UISupportedInterfaceOrientations_iPhone = "UIInterfaceOrientationPortrait UIInterfaceOrientationLandscapeLeft UIInterfaceOrientationLandscapeRight";
				IPHONEOS_DEPLOYMENT_TARGET = 15.6;
				LD_RUNPATH_SEARCH_PATHS = (
					"$(inherited)",
					"@executable_path/Frameworks",
				);
				MARKETING_VERSION = 1.0;
				PRODUCT_BUNDLE_IDENTIFIER = com.dimaSD.SwiftUITest.SwiftUITest;
				PRODUCT_NAME = "$(TARGET_NAME)";
				SWIFT_EMIT_LOC_STRINGS = YES;
				SWIFT_VERSION = 5.0;
				TARGETED_DEVICE_FAMILY = "1,2";
			};
			name = Debug;
		};
		A89679E02A152B7F001EAD1A /* Release */ = {
			isa = XCBuildConfiguration;
			buildSettings = {
				ASSETCATALOG_COMPILER_APPICON_NAME = AppIcon;
				ASSETCATALOG_COMPILER_GLOBAL_ACCENT_COLOR_NAME = AccentColor;
				CODE_SIGN_STYLE = Automatic;
				CURRENT_PROJECT_VERSION = 1;
				DEVELOPMENT_ASSET_PATHS = "\"SwiftUITest/Preview Content\"";
				DEVELOPMENT_TEAM = YMHC929DBV;
				ENABLE_PREVIEWS = YES;
				GENERATE_INFOPLIST_FILE = YES;
				INFOPLIST_KEY_UIApplicationSceneManifest_Generation = YES;
				INFOPLIST_KEY_UIApplicationSupportsIndirectInputEvents = YES;
				INFOPLIST_KEY_UILaunchScreen_Generation = YES;
				INFOPLIST_KEY_UISupportedInterfaceOrientations_iPad = "UIInterfaceOrientationPortrait UIInterfaceOrientationPortraitUpsideDown UIInterfaceOrientationLandscapeLeft UIInterfaceOrientationLandscapeRight";
				INFOPLIST_KEY_UISupportedInterfaceOrientations_iPhone = "UIInterfaceOrientationPortrait UIInterfaceOrientationLandscapeLeft UIInterfaceOrientationLandscapeRight";
				IPHONEOS_DEPLOYMENT_TARGET = 15.6;
				LD_RUNPATH_SEARCH_PATHS = (
					"$(inherited)",
					"@executable_path/Frameworks",
				);
				MARKETING_VERSION = 1.0;
				PRODUCT_BUNDLE_IDENTIFIER = com.dimaSD.SwiftUITest.SwiftUITest;
				PRODUCT_NAME = "$(TARGET_NAME)";
				SWIFT_EMIT_LOC_STRINGS = YES;
				SWIFT_VERSION = 5.0;
				TARGETED_DEVICE_FAMILY = "1,2";
			};
			name = Release;
		};
/* End XCBuildConfiguration section */

/* Begin XCConfigurationList section */
		A89679CB2A152B7B001EAD1A /* Build configuration list for PBXProject "SwiftUITest" */ = {
			isa = XCConfigurationList;
			buildConfigurations = (
				A89679DC2A152B7F001EAD1A /* Debug */,
				A89679DD2A152B7F001EAD1A /* Release */,
			);
			defaultConfigurationIsVisible = 0;
			defaultConfigurationName = Release;
		};
		A89679DE2A152B7F001EAD1A /* Build configuration list for PBXNativeTarget "SwiftUITest" */ = {
			isa = XCConfigurationList;
			buildConfigurations = (
				A89679DF2A152B7F001EAD1A /* Debug */,
				A89679E02A152B7F001EAD1A /* Release */,
			);
			defaultConfigurationIsVisible = 0;
			defaultConfigurationName = Release;
		};
/* End XCConfigurationList section */
	};
	rootObject = A89679C82A152B7B001EAD1A /* Project object */;
}
